
Microsoft Visual Studio Solution File, Format Version 12.00
# Visual Studio Version 17
VisualStudioVersion = 17.5.33627.172
MinimumVisualStudioVersion = 10.0.40219.1
Project("{FAE04EC0-301F-11D3-BF4B-00C04F79EFBC}") = "202201", "AOC\202201.csproj", "{9E7CC39E-A24A-4355-B3A4-B16AF9596A83}"
EndProject
Project("{FAE04EC0-301F-11D3-BF4B-00C04F79EFBC}") = "202202", "202202\202202.csproj", "{09FD595C-6524-4E94-975E-5748C54E1518}"
EndProject
Project("{FAE04EC0-301F-11D3-BF4B-00C04F79EFBC}") = "202203", "202203\202203.csproj", "{EB6DA63D-B442-43E4-B6D0-D3B8FAE09FD5}"
EndProject
Project("{FAE04EC0-301F-11D3-BF4B-00C04F79EFBC}") = "202204", "202204\202204.csproj", "{EA587043-872D-4EA9-84FE-89EA79A119AD}"
EndProject
Project("{FAE04EC0-301F-11D3-BF4B-00C04F79EFBC}") = "202205", "202205\202205.csproj", "{BFCE84D0-B65C-4DB2-903D-94E220121DAF}"
EndProject
Project("{FAE04EC0-301F-11D3-BF4B-00C04F79EFBC}") = "202206", "202206\202206.csproj", "{717C19FB-4B66-43D4-87B2-E97C8EE9A0C8}"
EndProject
Project("{FAE04EC0-301F-11D3-BF4B-00C04F79EFBC}") = "202207", "202207\202207.csproj", "{140DA758-00CC-4CC8-954D-716D250B6608}"
EndProject
Global
	GlobalSection(SolutionConfigurationPlatforms) = preSolution
		Debug|Any CPU = Debug|Any CPU
		Release|Any CPU = Release|Any CPU
	EndGlobalSection
	GlobalSection(ProjectConfigurationPlatforms) = postSolution
		{9E7CC39E-A24A-4355-B3A4-B16AF9596A83}.Debug|Any CPU.ActiveCfg = Debug|Any CPU
		{9E7CC39E-A24A-4355-B3A4-B16AF9596A83}.Debug|Any CPU.Build.0 = Debug|Any CPU
		{9E7CC39E-A24A-4355-B3A4-B16AF9596A83}.Release|Any CPU.ActiveCfg = Release|Any CPU
		{9E7CC39E-A24A-4355-B3A4-B16AF9596A83}.Release|Any CPU.Build.0 = Release|Any CPU
		{09FD595C-6524-4E94-975E-5748C54E1518}.Debug|Any CPU.ActiveCfg = Debug|Any CPU
		{09FD595C-6524-4E94-975E-5748C54E1518}.Debug|Any CPU.Build.0 = Debug|Any CPU
		{09FD595C-6524-4E94-975E-5748C54E1518}.Release|Any CPU.ActiveCfg = Release|Any CPU
		{09FD595C-6524-4E94-975E-5748C54E1518}.Release|Any CPU.Build.0 = Release|Any CPU
		{EB6DA63D-B442-43E4-B6D0-D3B8FAE09FD5}.Debug|Any CPU.ActiveCfg = Debug|Any CPU
		{EB6DA63D-B442-43E4-B6D0-D3B8FAE09FD5}.Debug|Any CPU.Build.0 = Debug|Any CPU
		{EB6DA63D-B442-43E4-B6D0-D3B8FAE09FD5}.Release|Any CPU.ActiveCfg = Release|Any CPU
		{EB6DA63D-B442-43E4-B6D0-D3B8FAE09FD5}.Release|Any CPU.Build.0 = Release|Any CPU
		{EA587043-872D-4EA9-84FE-89EA79A119AD}.Debug|Any CPU.ActiveCfg = Debug|Any CPU
		{EA587043-872D-4EA9-84FE-89EA79A119AD}.Debug|Any CPU.Build.0 = Debug|Any CPU
		{EA587043-872D-4EA9-84FE-89EA79A119AD}.Release|Any CPU.ActiveCfg = Release|Any CPU
		{EA587043-872D-4EA9-84FE-89EA79A119AD}.Release|Any CPU.Build.0 = Release|Any CPU
		{BFCE84D0-B65C-4DB2-903D-94E220121DAF}.Debug|Any CPU.ActiveCfg = Debug|Any CPU
		{BFCE84D0-B65C-4DB2-903D-94E220121DAF}.Debug|Any CPU.Build.0 = Debug|Any CPU
		{BFCE84D0-B65C-4DB2-903D-94E220121DAF}.Release|Any CPU.ActiveCfg = Release|Any CPU
		{BFCE84D0-B65C-4DB2-903D-94E220121DAF}.Release|Any CPU.Build.0 = Release|Any CPU
		{717C19FB-4B66-43D4-87B2-E97C8EE9A0C8}.Debug|Any CPU.ActiveCfg = Debug|Any CPU
		{717C19FB-4B66-43D4-87B2-E97C8EE9A0C8}.Debug|Any CPU.Build.0 = Debug|Any CPU
		{717C19FB-4B66-43D4-87B2-E97C8EE9A0C8}.Release|Any CPU.ActiveCfg = Release|Any CPU
		{717C19FB-4B66-43D4-87B2-E97C8EE9A0C8}.Release|Any CPU.Build.0 = Release|Any CPU
		{140DA758-00CC-4CC8-954D-716D250B6608}.Debug|Any CPU.ActiveCfg = Debug|Any CPU
		{140DA758-00CC-4CC8-954D-716D250B6608}.Debug|Any CPU.Build.0 = Debug|Any CPU
		{140DA758-00CC-4CC8-954D-716D250B6608}.Release|Any CPU.ActiveCfg = Release|Any CPU
		{140DA758-00CC-4CC8-954D-716D250B6608}.Release|Any CPU.Build.0 = Release|Any CPU
	EndGlobalSection
	GlobalSection(SolutionProperties) = preSolution
		HideSolutionNode = FALSE
	EndGlobalSection
	GlobalSection(ExtensibilityGlobals) = postSolution
		SolutionGuid = {6A23F278-006B-4D72-8FE6-B588A18A5356}
	EndGlobalSection
EndGlobal
